
Microsoft Visual Studio Solution File, Format Version 12.00
# Visual Studio Version 17
VisualStudioVersion = 17.13.35919.96
MinimumVisualStudioVersion = 10.0.40219.1
Project("{F184B08F-C81C-45F6-A57F-5ABD9991F28F}") = "appVenta", "appVenta.vbproj", "{23FA8611-9DCA-4B12-9649-71E5672CC760}"
EndProject
Global
	GlobalSection(SolutionConfigurationPlatforms) = preSolution
		Debug|Any CPU = Debug|Any CPU
		Release|Any CPU = Release|Any CPU
	EndGlobalSection
	GlobalSection(ProjectConfigurationPlatforms) = postSolution
		{23FA8611-9DCA-4B12-9649-71E5672CC760}.Debug|Any CPU.ActiveCfg = Debug|Any CPU
		{23FA8611-9DCA-4B12-9649-71E5672CC760}.Debug|Any CPU.Build.0 = Debug|Any CPU
		{23FA8611-9DCA-4B12-9649-71E5672CC760}.Release|Any CPU.ActiveCfg = Release|Any CPU
		{23FA8611-9DCA-4B12-9649-71E5672CC760}.Release|Any CPU.Build.0 = Release|Any CPU
	EndGlobalSection
	GlobalSection(SolutionProperties) = preSolution
		HideSolutionNode = FALSE
	EndGlobalSection
	GlobalSection(ExtensibilityGlobals) = postSolution
		SolutionGuid = {DB277BC4-B5F2-4020-8AC7-7934CAAD6030}
	EndGlobalSection
EndGlobal
